
Microsoft Visual Studio Solution File, Format Version 12.00
# Visual Studio 14
VisualStudioVersion = 14.0.25420.1
MinimumVisualStudioVersion = 10.0.40219.1
Project("{FAE04EC0-301F-11D3-BF4B-00C04F79EFBC}") = "FPL.Console", "FPL.Console\FPL.Console.csproj", "{910B82EA-F050-42A5-9521-29142C9B2E7B}"
EndProject
Project("{FAE04EC0-301F-11D3-BF4B-00C04F79EFBC}") = "FPL.Data.Models", "FPL.Data.Models\FPL.Data.Models.csproj", "{C55CDB95-A7A3-40BE-B774-62968C1B6BF3}"
EndProject
Project("{FAE04EC0-301F-11D3-BF4B-00C04F79EFBC}") = "FPL.WebCrawler", "FPL.WebCrawler\FPL.WebCrawler.csproj", "{A6B0E8C5-A6C8-4EF2-97F9-E15B1DEB5E14}"
EndProject
Project("{FAE04EC0-301F-11D3-BF4B-00C04F79EFBC}") = "FPL.Data", "FPL.Data\FPL.Data.csproj", "{9CA0CAB2-5A5C-4B49-A190-95F9520E900C}"
EndProject
Project("{FAE04EC0-301F-11D3-BF4B-00C04F79EFBC}") = "FPL.Data.Common", "FPL.Data.Common\FPL.Data.Common.csproj", "{58498F3B-0CD7-456E-A096-644BFE234808}"
EndProject
Project("{FAE04EC0-301F-11D3-BF4B-00C04F79EFBC}") = "FPL.Data.Utilities", "FPL.Data.Utilities\FPL.Data.Utilities.csproj", "{747F84D1-B972-4998-8603-E2CCDDE3979D}"
EndProject
Project("{FAE04EC0-301F-11D3-BF4B-00C04F79EFBC}") = "FPL.Tests", "FPL.Tests\FPL.Tests.csproj", "{F44D227B-A595-4F6D-9056-81C9E950A41C}"
EndProject
Global
	GlobalSection(SolutionConfigurationPlatforms) = preSolution
		Debug|Any CPU = Debug|Any CPU
		Release|Any CPU = Release|Any CPU
	EndGlobalSection
	GlobalSection(ProjectConfigurationPlatforms) = postSolution
		{910B82EA-F050-42A5-9521-29142C9B2E7B}.Debug|Any CPU.ActiveCfg = Debug|Any CPU
		{910B82EA-F050-42A5-9521-29142C9B2E7B}.Debug|Any CPU.Build.0 = Debug|Any CPU
		{910B82EA-F050-42A5-9521-29142C9B2E7B}.Release|Any CPU.ActiveCfg = Release|Any CPU
		{910B82EA-F050-42A5-9521-29142C9B2E7B}.Release|Any CPU.Build.0 = Release|Any CPU
		{C55CDB95-A7A3-40BE-B774-62968C1B6BF3}.Debug|Any CPU.ActiveCfg = Debug|Any CPU
		{C55CDB95-A7A3-40BE-B774-62968C1B6BF3}.Debug|Any CPU.Build.0 = Debug|Any CPU
		{C55CDB95-A7A3-40BE-B774-62968C1B6BF3}.Release|Any CPU.ActiveCfg = Release|Any CPU
		{C55CDB95-A7A3-40BE-B774-62968C1B6BF3}.Release|Any CPU.Build.0 = Release|Any CPU
		{A6B0E8C5-A6C8-4EF2-97F9-E15B1DEB5E14}.Debug|Any CPU.ActiveCfg = Debug|Any CPU
		{A6B0E8C5-A6C8-4EF2-97F9-E15B1DEB5E14}.Debug|Any CPU.Build.0 = Debug|Any CPU
		{A6B0E8C5-A6C8-4EF2-97F9-E15B1DEB5E14}.Release|Any CPU.ActiveCfg = Release|Any CPU
		{A6B0E8C5-A6C8-4EF2-97F9-E15B1DEB5E14}.Release|Any CPU.Build.0 = Release|Any CPU
		{9CA0CAB2-5A5C-4B49-A190-95F9520E900C}.Debug|Any CPU.ActiveCfg = Debug|Any CPU
		{9CA0CAB2-5A5C-4B49-A190-95F9520E900C}.Debug|Any CPU.Build.0 = Debug|Any CPU
		{9CA0CAB2-5A5C-4B49-A190-95F9520E900C}.Release|Any CPU.ActiveCfg = Release|Any CPU
		{9CA0CAB2-5A5C-4B49-A190-95F9520E900C}.Release|Any CPU.Build.0 = Release|Any CPU
		{58498F3B-0CD7-456E-A096-644BFE234808}.Debug|Any CPU.ActiveCfg = Debug|Any CPU
		{58498F3B-0CD7-456E-A096-644BFE234808}.Debug|Any CPU.Build.0 = Debug|Any CPU
		{58498F3B-0CD7-456E-A096-644BFE234808}.Release|Any CPU.ActiveCfg = Release|Any CPU
		{58498F3B-0CD7-456E-A096-644BFE234808}.Release|Any CPU.Build.0 = Release|Any CPU
		{747F84D1-B972-4998-8603-E2CCDDE3979D}.Debug|Any CPU.ActiveCfg = Debug|Any CPU
		{747F84D1-B972-4998-8603-E2CCDDE3979D}.Debug|Any CPU.Build.0 = Debug|Any CPU
		{747F84D1-B972-4998-8603-E2CCDDE3979D}.Release|Any CPU.ActiveCfg = Release|Any CPU
		{747F84D1-B972-4998-8603-E2CCDDE3979D}.Release|Any CPU.Build.0 = Release|Any CPU
		{F44D227B-A595-4F6D-9056-81C9E950A41C}.Debug|Any CPU.ActiveCfg = Debug|Any CPU
		{F44D227B-A595-4F6D-9056-81C9E950A41C}.Debug|Any CPU.Build.0 = Debug|Any CPU
		{F44D227B-A595-4F6D-9056-81C9E950A41C}.Release|Any CPU.ActiveCfg = Release|Any CPU
		{F44D227B-A595-4F6D-9056-81C9E950A41C}.Release|Any CPU.Build.0 = Release|Any CPU
	EndGlobalSection
	GlobalSection(SolutionProperties) = preSolution
		HideSolutionNode = FALSE
	EndGlobalSection
EndGlobal
